// !$*UTF8*$!
{
	archiveVersion = 1;
	classes = {
	};
	objectVersion = 46;
	objects = {

/* Begin PBXBuildFile section */
		D63ACECA1D3F565D0082FA79 /* AppDelegate.swift in Sources */ = {isa = PBXBuildFile; fileRef = D63ACEC91D3F565D0082FA79 /* AppDelegate.swift */; };
		D63ACECC1D3F565D0082FA79 /* ViewController.swift in Sources */ = {isa = PBXBuildFile; fileRef = D63ACECB1D3F565D0082FA79 /* ViewController.swift */; };
		D63ACECF1D3F565D0082FA79 /* Main.storyboard in Resources */ = {isa = PBXBuildFile; fileRef = D63ACECD1D3F565D0082FA79 /* Main.storyboard */; };
		D63ACED11D3F565D0082FA79 /* Assets.xcassets in Resources */ = {isa = PBXBuildFile; fileRef = D63ACED01D3F565D0082FA79 /* Assets.xcassets */; };
		D63ACED41D3F565D0082FA79 /* LaunchScreen.storyboard in Resources */ = {isa = PBXBuildFile; fileRef = D63ACED21D3F565D0082FA79 /* LaunchScreen.storyboard */; };
		D63ACEDF1D3F565D0082FA79 /* _6_SlideMenuTests.swift in Sources */ = {isa = PBXBuildFile; fileRef = D63ACEDE1D3F565D0082FA79 /* _6_SlideMenuTests.swift */; };
		D63ACEEA1D3F565D0082FA79 /* _6_SlideMenuUITests.swift in Sources */ = {isa = PBXBuildFile; fileRef = D63ACEE91D3F565D0082FA79 /* _6_SlideMenuUITests.swift */; };
		D63ACEF81D3F57890082FA79 /* MenuTableViewCell.swift in Sources */ = {isa = PBXBuildFile; fileRef = D63ACEF71D3F57890082FA79 /* MenuTableViewCell.swift */; };
		D63ACEFC1D3F6D460082FA79 /* TopView.swift in Sources */ = {isa = PBXBuildFile; fileRef = D63ACEFB1D3F6D460082FA79 /* TopView.swift */; };
/* End PBXBuildFile section */

/* Begin PBXContainerItemProxy section */
		D63ACEDB1D3F565D0082FA79 /* PBXContainerItemProxy */ = {
			isa = PBXContainerItemProxy;
			containerPortal = D63ACEBE1D3F565D0082FA79 /* Project object */;
			proxyType = 1;
			remoteGlobalIDString = D63ACEC51D3F565D0082FA79;
			remoteInfo = "16-SlideMenu";
		};
		D63ACEE61D3F565D0082FA79 /* PBXContainerItemProxy */ = {
			isa = PBXContainerItemProxy;
			containerPortal = D63ACEBE1D3F565D0082FA79 /* Project object */;
			proxyType = 1;
			remoteGlobalIDString = D63ACEC51D3F565D0082FA79;
			remoteInfo = "16-SlideMenu";
		};
/* End PBXContainerItemProxy section */

/* Begin PBXFileReference section */
		D63ACEC61D3F565D0082FA79 /* 16-SlideMenu.app */ = {isa = PBXFileReference; explicitFileType = wrapper.application; includeInIndex = 0; path = "16-SlideMenu.app"; sourceTree = BUILT_PRODUCTS_DIR; };
		D63ACEC91D3F565D0082FA79 /* AppDelegate.swift */ = {isa = PBXFileReference; lastKnownFileType = sourcecode.swift; path = AppDelegate.swift; sourceTree = "<group>"; };
		D63ACECB1D3F565D0082FA79 /* ViewController.swift */ = {isa = PBXFileReference; lastKnownFileType = sourcecode.swift; path = ViewController.swift; sourceTree = "<group>"; };
		D63ACECE1D3F565D0082FA79 /* Base */ = {isa = PBXFileReference; lastKnownFileType = file.storyboard; name = Base; path = Base.lproj/Main.storyboard; sourceTree = "<group>"; };
		D63ACED01D3F565D0082FA79 /* Assets.xcassets */ = {isa = PBXFileReference; lastKnownFileType = folder.assetcatalog; path = Assets.xcassets; sourceTree = "<group>"; };
		D63ACED31D3F565D0082FA79 /* Base */ = {isa = PBXFileReference; lastKnownFileType = file.storyboard; name = Base; path = Base.lproj/LaunchScreen.storyboard; sourceTree = "<group>"; };
		D63ACED51D3F565D0082FA79 /* Info.plist */ = {isa = PBXFileReference; lastKnownFileType = text.plist.xml; path = Info.plist; sourceTree = "<group>"; };
		D63ACEDA1D3F565D0082FA79 /* 16-SlideMenuTests.xctest */ = {isa = PBXFileReference; explicitFileType = wrapper.cfbundle; includeInIndex = 0; path = "16-SlideMenuTests.xctest"; sourceTree = BUILT_PRODUCTS_DIR; };
		D63ACEDE1D3F565D0082FA79 /* _6_SlideMenuTests.swift */ = {isa = PBXFileReference; lastKnownFileType = sourcecode.swift; path = _6_SlideMenuTests.swift; sourceTree = "<group>"; };
		D63ACEE01D3F565D0082FA79 /* Info.plist */ = {isa = PBXFileReference; lastKnownFileType = text.plist.xml; path = Info.plist; sourceTree = "<group>"; };
		D63ACEE51D3F565D0082FA79 /* 16-SlideMenuUITests.xctest */ = {isa = PBXFileReference; explicitFileType = wrapper.cfbundle; includeInIndex = 0; path = "16-SlideMenuUITests.xctest"; sourceTree = BUILT_PRODUCTS_DIR; };
		D63ACEE91D3F565D0082FA79 /* _6_SlideMenuUITests.swift */ = {isa = PBXFileReference; lastKnownFileType = sourcecode.swift; path = _6_SlideMenuUITests.swift; sourceTree = "<group>"; };
		D63ACEEB1D3F565D0082FA79 /* Info.plist */ = {isa = PBXFileReference; lastKnownFileType = text.plist.xml; path = Info.plist; sourceTree = "<group>"; };
		D63ACEF71D3F57890082FA79 /* MenuTableViewCell.swift */ = {isa = PBXFileReference; fileEncoding = 4; lastKnownFileType = sourcecode.swift; path = MenuTableViewCell.swift; sourceTree = "<group>"; };
		D63ACEFB1D3F6D460082FA79 /* TopView.swift */ = {isa = PBXFileReference; fileEncoding = 4; lastKnownFileType = sourcecode.swift; path = TopView.swift; sourceTree = "<group>"; };
/* End PBXFileReference section */

/* Begin PBXFrameworksBuildPhase section */
		D63ACEC31D3F565D0082FA79 /* Frameworks */ = {
			isa = PBXFrameworksBuildPhase;
			buildActionMask = 2147483647;
			files = (
			);
			runOnlyForDeploymentPostprocessing = 0;
		};
		D63ACED71D3F565D0082FA79 /* Frameworks */ = {
			isa = PBXFrameworksBuildPhase;
			buildActionMask = 2147483647;
			files = (
			);
			runOnlyForDeploymentPostprocessing = 0;
		};
		D63ACEE21D3F565D0082FA79 /* Frameworks */ = {
			isa = PBXFrameworksBuildPhase;
			buildActionMask = 2147483647;
			files = (
			);
			runOnlyForDeploymentPostprocessing = 0;
		};
/* End PBXFrameworksBuildPhase section */

/* Begin PBXGroup section */
		D63ACEBD1D3F565D0082FA79 = {
			isa = PBXGroup;
			children = (
				D63ACEC81D3F565D0082FA79 /* 16-SlideMenu */,
				D63ACEDD1D3F565D0082FA79 /* 16-SlideMenuTests */,
				D63ACEE81D3F565D0082FA79 /* 16-SlideMenuUITests */,
				D63ACEC71D3F565D0082FA79 /* Products */,
			);
			sourceTree = "<group>";
		};
		D63ACEC71D3F565D0082FA79 /* Products */ = {
			isa = PBXGroup;
			children = (
				D63ACEC61D3F565D0082FA79 /* 16-SlideMenu.app */,
				D63ACEDA1D3F565D0082FA79 /* 16-SlideMenuTests.xctest */,
				D63ACEE51D3F565D0082FA79 /* 16-SlideMenuUITests.xctest */,
			);
			name = Products;
			sourceTree = "<group>";
		};
		D63ACEC81D3F565D0082FA79 /* 16-SlideMenu */ = {
			isa = PBXGroup;
			children = (
				D63ACEC91D3F565D0082FA79 /* AppDelegate.swift */,
				D63ACECB1D3F565D0082FA79 /* ViewController.swift */,
				D63ACEFB1D3F6D460082FA79 /* TopView.swift */,
				D63ACEF71D3F57890082FA79 /* MenuTableViewCell.swift */,
				D63ACECD1D3F565D0082FA79 /* Main.storyboard */,
				D63ACED01D3F565D0082FA79 /* Assets.xcassets */,
				D63ACED21D3F565D0082FA79 /* LaunchScreen.storyboard */,
				D63ACED51D3F565D0082FA79 /* Info.plist */,
			);
			path = "16-SlideMenu";
			sourceTree = "<group>";
		};
		D63ACEDD1D3F565D0082FA79 /* 16-SlideMenuTests */ = {
			isa = PBXGroup;
			children = (
				D63ACEDE1D3F565D0082FA79 /* _6_SlideMenuTests.swift */,
				D63ACEE01D3F565D0082FA79 /* Info.plist */,
			);
			path = "16-SlideMenuTests";
			sourceTree = "<group>";
		};
		D63ACEE81D3F565D0082FA79 /* 16-SlideMenuUITests */ = {
			isa = PBXGroup;
			children = (
				D63ACEE91D3F565D0082FA79 /* _6_SlideMenuUITests.swift */,
				D63ACEEB1D3F565D0082FA79 /* Info.plist */,
			);
			path = "16-SlideMenuUITests";
			sourceTree = "<group>";
		};
/* End PBXGroup section */

/* Begin PBXNativeTarget section */
		D63ACEC51D3F565D0082FA79 /* 16-SlideMenu */ = {
			isa = PBXNativeTarget;
			buildConfigurationList = D63ACEEE1D3F565D0082FA79 /* Build configuration list for PBXNativeTarget "16-SlideMenu" */;
			buildPhases = (
				D63ACEC21D3F565D0082FA79 /* Sources */,
				D63ACEC31D3F565D0082FA79 /* Frameworks */,
				D63ACEC41D3F565D0082FA79 /* Resources */,
			);
			buildRules = (
			);
			dependencies = (
			);
			name = "16-SlideMenu";
			productName = "16-SlideMenu";
			productReference = D63ACEC61D3F565D0082FA79 /* 16-SlideMenu.app */;
			productType = "com.apple.product-type.application";
		};
		D63ACED91D3F565D0082FA79 /* 16-SlideMenuTests */ = {
			isa = PBXNativeTarget;
			buildConfigurationList = D63ACEF11D3F565D0082FA79 /* Build configuration list for PBXNativeTarget "16-SlideMenuTests" */;
			buildPhases = (
				D63ACED61D3F565D0082FA79 /* Sources */,
				D63ACED71D3F565D0082FA79 /* Frameworks */,
				D63ACED81D3F565D0082FA79 /* Resources */,
			);
			buildRules = (
			);
			dependencies = (
				D63ACEDC1D3F565D0082FA79 /* PBXTargetDependency */,
			);
			name = "16-SlideMenuTests";
			productName = "16-SlideMenuTests";
			productReference = D63ACEDA1D3F565D0082FA79 /* 16-SlideMenuTests.xctest */;
			productType = "com.apple.product-type.bundle.unit-test";
		};
		D63ACEE41D3F565D0082FA79 /* 16-SlideMenuUITests */ = {
			isa = PBXNativeTarget;
			buildConfigurationList = D63ACEF41D3F565D0082FA79 /* Build configuration list for PBXNativeTarget "16-SlideMenuUITests" */;
			buildPhases = (
				D63ACEE11D3F565D0082FA79 /* Sources */,
				D63ACEE21D3F565D0082FA79 /* Frameworks */,
				D63ACEE31D3F565D0082FA79 /* Resources */,
			);
			buildRules = (
			);
			dependencies = (
				D63ACEE71D3F565D0082FA79 /* PBXTargetDependency */,
			);
			name = "16-SlideMenuUITests";
			productName = "16-SlideMenuUITests";
			productReference = D63ACEE51D3F565D0082FA79 /* 16-SlideMenuUITests.xctest */;
			productType = "com.apple.product-type.bundle.ui-testing";
		};
/* End PBXNativeTarget section */

/* Begin PBXProject section */
		D63ACEBE1D3F565D0082FA79 /* Project object */ = {
			isa = PBXProject;
			attributes = {
				LastSwiftUpdateCheck = 0730;
				LastUpgradeCheck = 0730;
				ORGANIZATIONNAME = FZH;
				TargetAttributes = {
					D63ACEC51D3F565D0082FA79 = {
						CreatedOnToolsVersion = 7.3;
					};
					D63ACED91D3F565D0082FA79 = {
						CreatedOnToolsVersion = 7.3;
						TestTargetID = D63ACEC51D3F565D0082FA79;
					};
					D63ACEE41D3F565D0082FA79 = {
						CreatedOnToolsVersion = 7.3;
						TestTargetID = D63ACEC51D3F565D0082FA79;
					};
				};
			};
			buildConfigurationList = D63ACEC11D3F565D0082FA79 /* Build configuration list for PBXProject "16-SlideMenu" */;
			compatibilityVersion = "Xcode 3.2";
			developmentRegion = English;
			hasScannedForEncodings = 0;
			knownRegions = (
				en,
				Base,
			);
			mainGroup = D63ACEBD1D3F565D0082FA79;
			productRefGroup = D63ACEC71D3F565D0082FA79 /* Products */;
			projectDirPath = "";
			projectRoot = "";
			targets = (
				D63ACEC51D3F565D0082FA79 /* 16-SlideMenu */,
				D63ACED91D3F565D0082FA79 /* 16-SlideMenuTests */,
				D63ACEE41D3F565D0082FA79 /* 16-SlideMenuUITests */,
			);
		};
/* End PBXProject section */

/* Begin PBXResourcesBuildPhase section */
		D63ACEC41D3F565D0082FA79 /* Resources */ = {
			isa = PBXResourcesBuildPhase;
			buildActionMask = 2147483647;
			files = (
				D63ACED41D3F565D0082FA79 /* LaunchScreen.storyboard in Resources */,
				D63ACED11D3F565D0082FA79 /* Assets.xcassets in Resources */,
				D63ACECF1D3F565D0082FA79 /* Main.storyboard in Resources */,
			);
			runOnlyForDeploymentPostprocessing = 0;
		};
		D63ACED81D3F565D0082FA79 /* Resources */ = {
			isa = PBXResourcesBuildPhase;
			buildActionMask = 2147483647;
			files = (
			);
			runOnlyForDeploymentPostprocessing = 0;
		};
		D63ACEE31D3F565D0082FA79 /* Resources */ = {
			isa = PBXResourcesBuildPhase;
			buildActionMask = 2147483647;
			files = (
			);
			runOnlyForDeploymentPostprocessing = 0;
		};
/* End PBXResourcesBuildPhase section */

/* Begin PBXSourcesBuildPhase section */
		D63ACEC21D3F565D0082FA79 /* Sources */ = {
			isa = PBXSourcesBuildPhase;
			buildActionMask = 2147483647;
			files = (
				D63ACECC1D3F565D0082FA79 /* ViewController.swift in Sources */,
				D63ACECA1D3F565D0082FA79 /* AppDelegate.swift in Sources */,
				D63ACEFC1D3F6D460082FA79 /* TopView.swift in Sources */,
				D63ACEF81D3F57890082FA79 /* MenuTableViewCell.swift in Sources */,
			);
			runOnlyForDeploymentPostprocessing = 0;
		};
		D63ACED61D3F565D0082FA79 /* Sources */ = {
			isa = PBXSourcesBuildPhase;
			buildActionMask = 2147483647;
			files = (
				D63ACEDF1D3F565D0082FA79 /* _6_SlideMenuTests.swift in Sources */,
			);
			runOnlyForDeploymentPostprocessing = 0;
		};
		D63ACEE11D3F565D0082FA79 /* Sources */ = {
			isa = PBXSourcesBuildPhase;
			buildActionMask = 2147483647;
			files = (
				D63ACEEA1D3F565D0082FA79 /* _6_SlideMenuUITests.swift in Sources */,
			);
			runOnlyForDeploymentPostprocessing = 0;
		};
/* End PBXSourcesBuildPhase section */

/* Begin PBXTargetDependency section */
		D63ACEDC1D3F565D0082FA79 /* PBXTargetDependency */ = {
			isa = PBXTargetDependency;
			target = D63ACEC51D3F565D0082FA79 /* 16-SlideMenu */;
			targetProxy = D63ACEDB1D3F565D0082FA79 /* PBXContainerItemProxy */;
		};
		D63ACEE71D3F565D0082FA79 /* PBXTargetDependency */ = {
			isa = PBXTargetDependency;
			target = D63ACEC51D3F565D0082FA79 /* 16-SlideMenu */;
			targetProxy = D63ACEE61D3F565D0082FA79 /* PBXContainerItemProxy */;
		};
/* End PBXTargetDependency section */

/* Begin PBXVariantGroup section */
		D63ACECD1D3F565D0082FA79 /* Main.storyboard */ = {
			isa = PBXVariantGroup;
			children = (
				D63ACECE1D3F565D0082FA79 /* Base */,
			);
			name = Main.storyboard;
			sourceTree = "<group>";
		};
		D63ACED21D3F565D0082FA79 /* LaunchScreen.storyboard */ = {
			isa = PBXVariantGroup;
			children = (
				D63ACED31D3F565D0082FA79 /* Base */,
			);
			name = LaunchScreen.storyboard;
			sourceTree = "<group>";
		};
/* End PBXVariantGroup section */

/* Begin XCBuildConfiguration section */
		D63ACEEC1D3F565D0082FA79 /* Debug */ = {
			isa = XCBuildConfiguration;
			buildSettings = {
				ALWAYS_SEARCH_USER_PATHS = NO;
				CLANG_ANALYZER_NONNULL = YES;
				CLANG_CXX_LANGUAGE_STANDARD = "gnu++0x";
				CLANG_CXX_LIBRARY = "libc++";
				CLANG_ENABLE_MODULES = YES;
				CLANG_ENABLE_OBJC_ARC = YES;
				CLANG_WARN_BOOL_CONVERSION = YES;
				CLANG_WARN_CONSTANT_CONVERSION = YES;
				CLANG_WARN_DIRECT_OBJC_ISA_USAGE = YES_ERROR;
				CLANG_WARN_EMPTY_BODY = YES;
				CLANG_WARN_ENUM_CONVERSION = YES;
				CLANG_WARN_INT_CONVERSION = YES;
				CLANG_WARN_OBJC_ROOT_CLASS = YES_ERROR;
				CLANG_WARN_UNREACHABLE_CODE = YES;
				CLANG_WARN__DUPLICATE_METHOD_MATCH = YES;
				"CODE_SIGN_IDENTITY[sdk=iphoneos*]" = "iPhone Developer";
				COPY_PHASE_STRIP = NO;
				DEBUG_INFORMATION_FORMAT = dwarf;
				ENABLE_STRICT_OBJC_MSGSEND = YES;
				ENABLE_TESTABILITY = YES;
				GCC_C_LANGUAGE_STANDARD = gnu99;
				GCC_DYNAMIC_NO_PIC = NO;
				GCC_NO_COMMON_BLOCKS = YES;
				GCC_OPTIMIZATION_LEVEL = 0;
				GCC_PREPROCESSOR_DEFINITIONS = (
					"DEBUG=1",
					"$(inherited)",
				);
				GCC_WARN_64_TO_32_BIT_CONVERSION = YES;
				GCC_WARN_ABOUT_RETURN_TYPE = YES_ERROR;
				GCC_WARN_UNDECLARED_SELECTOR = YES;
				GCC_WARN_UNINITIALIZED_AUTOS = YES_AGGRESSIVE;
				GCC_WARN_UNUSED_FUNCTION = YES;
				GCC_WARN_UNUSED_VARIABLE = YES;
				IPHONEOS_DEPLOYMENT_TARGET = 9.3;
				MTL_ENABLE_DEBUG_INFO = YES;
				ONLY_ACTIVE_ARCH = YES;
				SDKROOT = iphoneos;
				SWIFT_OPTIMIZATION_LEVEL = "-Onone";
			};
			name = Debug;
		};
		D63ACEED1D3F565D0082FA79 /* Release */ = {
			isa = XCBuildConfiguration;
			buildSettings = {
				ALWAYS_SEARCH_USER_PATHS = NO;
				CLANG_ANALYZER_NONNULL = YES;
				CLANG_CXX_LANGUAGE_STANDARD = "gnu++0x";
				CLANG_CXX_LIBRARY = "libc++";
				CLANG_ENABLE_MODULES = YES;
				CLANG_ENABLE_OBJC_ARC = YES;
				CLANG_WARN_BOOL_CONVERSION = YES;
				CLANG_WARN_CONSTANT_CONVERSION = YES;
				CLANG_WARN_DIRECT_OBJC_ISA_USAGE = YES_ERROR;
				CLANG_WARN_EMPTY_BODY = YES;
				CLANG_WARN_ENUM_CONVERSION = YES;
				CLANG_WARN_INT_CONVERSION = YES;
				CLANG_WARN_OBJC_ROOT_CLASS = YES_ERROR;
				CLANG_WARN_UNREACHABLE_CODE = YES;
				CLANG_WARN__DUPLICATE_METHOD_MATCH = YES;
				"CODE_SIGN_IDENTITY[sdk=iphoneos*]" = "iPhone Developer";
				COPY_PHASE_STRIP = NO;
				DEBUG_INFORMATION_FORMAT = "dwarf-with-dsym";
				ENABLE_NS_ASSERTIONS = NO;
				ENABLE_STRICT_OBJC_MSGSEND = YES;
				GCC_C_LANGUAGE_STANDARD = gnu99;
				GCC_NO_COMMON_BLOCKS = YES;
				GCC_WARN_64_TO_32_BIT_CONVERSION = YES;
				GCC_WARN_ABOUT_RETURN_TYPE = YES_ERROR;
				GCC_WARN_UNDECLARED_SELECTOR = YES;
				GCC_WARN_UNINITIALIZED_AUTOS = YES_AGGRESSIVE;
				GCC_WARN_UNUSED_FUNCTION = YES;
				GCC_WARN_UNUSED_VARIABLE = YES;
				IPHONEOS_DEPLOYMENT_TARGET = 9.3;
				MTL_ENABLE_DEBUG_INFO = NO;
				SDKROOT = iphoneos;
				VALIDATE_PRODUCT = YES;
			};
			name = Release;
		};
		D63ACEEF1D3F565D0082FA79 /* Debug */ = {
			isa = XCBuildConfiguration;
			buildSettings = {
				ASSETCATALOG_COMPILER_APPICON_NAME = AppIcon;
				INFOPLIST_FILE = "16-SlideMenu/Info.plist";
				LD_RUNPATH_SEARCH_PATHS = "$(inherited) @executable_path/Frameworks";
				PRODUCT_BUNDLE_IDENTIFIER = "com.fengzhihao.-6-SlideMenu";
				PRODUCT_NAME = "$(TARGET_NAME)";
			};
			name = Debug;
		};
		D63ACEF01D3F565D0082FA79 /* Release */ = {
			isa = XCBuildConfiguration;
			buildSettings = {
				ASSETCATALOG_COMPILER_APPICON_NAME = AppIcon;
				INFOPLIST_FILE = "16-SlideMenu/Info.plist";
				LD_RUNPATH_SEARCH_PATHS = "$(inherited) @executable_path/Frameworks";
				PRODUCT_BUNDLE_IDENTIFIER = "com.fengzhihao.-6-SlideMenu";
				PRODUCT_NAME = "$(TARGET_NAME)";
			};
			name = Release;
		};
		D63ACEF21D3F565D0082FA79 /* Debug */ = {
			isa = XCBuildConfiguration;
			buildSettings = {
				BUNDLE_LOADER = "$(TEST_HOST)";
				INFOPLIST_FILE = "16-SlideMenuTests/Info.plist";
				LD_RUNPATH_SEARCH_PATHS = "$(inherited) @executable_path/Frameworks @loader_path/Frameworks";
				PRODUCT_BUNDLE_IDENTIFIER = "com.fengzhihao.-6-SlideMenuTests";
				PRODUCT_NAME = "$(TARGET_NAME)";
				TEST_HOST = "$(BUILT_PRODUCTS_DIR)/16-SlideMenu.app/16-SlideMenu";
			};
			name = Debug;
		};
		D63ACEF31D3F565D0082FA79 /* Release */ = {
			isa = XCBuildConfiguration;
			buildSettings = {
				BUNDLE_LOADER = "$(TEST_HOST)";
				INFOPLIST_FILE = "16-SlideMenuTests/Info.plist";
				LD_RUNPATH_SEARCH_PATHS = "$(inherited) @executable_path/Frameworks @loader_path/Frameworks";
				PRODUCT_BUNDLE_IDENTIFIER = "com.fengzhihao.-6-SlideMenuTests";
				PRODUCT_NAME = "$(TARGET_NAME)";
				TEST_HOST = "$(BUILT_PRODUCTS_DIR)/16-SlideMenu.app/16-SlideMenu";
			};
			name = Release;
		};
		D63ACEF51D3F565D0082FA79 /* Debug */ = {
			isa = XCBuildConfiguration;
			buildSettings = {
				INFOPLIST_FILE = "16-SlideMenuUITests/Info.plist";
				LD_RUNPATH_SEARCH_PATHS = "$(inherited) @executable_path/Frameworks @loader_path/Frameworks";
				PRODUCT_BUNDLE_IDENTIFIER = "com.fengzhihao.-6-SlideMenuUITests";
				PRODUCT_NAME = "$(TARGET_NAME)";
				TEST_TARGET_NAME = "16-SlideMenu";
			};
			name = Debug;
		};
		D63ACEF61D3F565D0082FA79 /* Release */ = {
			isa = XCBuildConfiguration;
			buildSettings = {
				INFOPLIST_FILE = "16-SlideMenuUITests/Info.plist";
				LD_RUNPATH_SEARCH_PATHS = "$(inherited) @executable_path/Frameworks @loader_path/Frameworks";
				PRODUCT_BUNDLE_IDENTIFIER = "com.fengzhihao.-6-SlideMenuUITests";
				PRODUCT_NAME = "$(TARGET_NAME)";
				TEST_TARGET_NAME = "16-SlideMenu";
			};
			name = Release;
		};
/* End XCBuildConfiguration section */

/* Begin XCConfigurationList section */
		D63ACEC11D3F565D0082FA79 /* Build configuration list for PBXProject "16-SlideMenu" */ = {
			isa = XCConfigurationList;
			buildConfigurations = (
				D63ACEEC1D3F565D0082FA79 /* Debug */,
				D63ACEED1D3F565D0082FA79 /* Release */,
			);
			defaultConfigurationIsVisible = 0;
			defaultConfigurationName = Release;
		};
		D63ACEEE1D3F565D0082FA79 /* Build configuration list for PBXNativeTarget "16-SlideMenu" */ = {
			isa = XCConfigurationList;
			buildConfigurations = (
				D63ACEEF1D3F565D0082FA79 /* Debug */,
				D63ACEF01D3F565D0082FA79 /* Release */,
			);
			defaultConfigurationIsVisible = 0;
		};
		D63ACEF11D3F565D0082FA79 /* Build configuration list for PBXNativeTarget "16-SlideMenuTests" */ = {
			isa = XCConfigurationList;
			buildConfigurations = (
				D63ACEF21D3F565D0082FA79 /* Debug */,
				D63ACEF31D3F565D0082FA79 /* Release */,
			);
			defaultConfigurationIsVisible = 0;
		};
		D63ACEF41D3F565D0082FA79 /* Build configuration list for PBXNativeTarget "16-SlideMenuUITests" */ = {
			isa = XCConfigurationList;
			buildConfigurations = (
				D63ACEF51D3F565D0082FA79 /* Debug */,
				D63ACEF61D3F565D0082FA79 /* Release */,
			);
			defaultConfigurationIsVisible = 0;
		};
/* End XCConfigurationList section */
	};
	rootObject = D63ACEBE1D3F565D0082FA79 /* Project object */;
}
