// !$*UTF8*$!
{
	archiveVersion = 1;
	classes = {
	};
	objectVersion = 46;
	objects = {

/* Begin PBXBuildFile section */
		D6265F0C1D119BE20086F6FF /* AppDelegate.swift in Sources */ = {isa = PBXBuildFile; fileRef = D6265F0B1D119BE20086F6FF /* AppDelegate.swift */; };
		D6265F0E1D119BE20086F6FF /* ViewController.swift in Sources */ = {isa = PBXBuildFile; fileRef = D6265F0D1D119BE20086F6FF /* ViewController.swift */; };
		D6265F111D119BE20086F6FF /* Main.storyboard in Resources */ = {isa = PBXBuildFile; fileRef = D6265F0F1D119BE20086F6FF /* Main.storyboard */; };
		D6265F131D119BE20086F6FF /* Assets.xcassets in Resources */ = {isa = PBXBuildFile; fileRef = D6265F121D119BE20086F6FF /* Assets.xcassets */; };
		D6265F161D119BE20086F6FF /* LaunchScreen.storyboard in Resources */ = {isa = PBXBuildFile; fileRef = D6265F141D119BE20086F6FF /* LaunchScreen.storyboard */; };
		D6265F211D119BE20086F6FF /* FirstSwiftTests.swift in Sources */ = {isa = PBXBuildFile; fileRef = D6265F201D119BE20086F6FF /* FirstSwiftTests.swift */; };
		D6265F2C1D119BE30086F6FF /* FirstSwiftUITests.swift in Sources */ = {isa = PBXBuildFile; fileRef = D6265F2B1D119BE30086F6FF /* FirstSwiftUITests.swift */; };
/* End PBXBuildFile section */

/* Begin PBXContainerItemProxy section */
		D6265F1D1D119BE20086F6FF /* PBXContainerItemProxy */ = {
			isa = PBXContainerItemProxy;
			containerPortal = D6265F001D119BE20086F6FF /* Project object */;
			proxyType = 1;
			remoteGlobalIDString = D6265F071D119BE20086F6FF;
			remoteInfo = FirstSwift;
		};
		D6265F281D119BE30086F6FF /* PBXContainerItemProxy */ = {
			isa = PBXContainerItemProxy;
			containerPortal = D6265F001D119BE20086F6FF /* Project object */;
			proxyType = 1;
			remoteGlobalIDString = D6265F071D119BE20086F6FF;
			remoteInfo = FirstSwift;
		};
/* End PBXContainerItemProxy section */

/* Begin PBXFileReference section */
		D6265F081D119BE20086F6FF /* FirstSwift.app */ = {isa = PBXFileReference; explicitFileType = wrapper.application; includeInIndex = 0; path = FirstSwift.app; sourceTree = BUILT_PRODUCTS_DIR; };
		D6265F0B1D119BE20086F6FF /* AppDelegate.swift */ = {isa = PBXFileReference; lastKnownFileType = sourcecode.swift; path = AppDelegate.swift; sourceTree = "<group>"; };
		D6265F0D1D119BE20086F6FF /* ViewController.swift */ = {isa = PBXFileReference; lastKnownFileType = sourcecode.swift; path = ViewController.swift; sourceTree = "<group>"; };
		D6265F101D119BE20086F6FF /* Base */ = {isa = PBXFileReference; lastKnownFileType = file.storyboard; name = Base; path = Base.lproj/Main.storyboard; sourceTree = "<group>"; };
		D6265F121D119BE20086F6FF /* Assets.xcassets */ = {isa = PBXFileReference; lastKnownFileType = folder.assetcatalog; path = Assets.xcassets; sourceTree = "<group>"; };
		D6265F151D119BE20086F6FF /* Base */ = {isa = PBXFileReference; lastKnownFileType = file.storyboard; name = Base; path = Base.lproj/LaunchScreen.storyboard; sourceTree = "<group>"; };
		D6265F171D119BE20086F6FF /* Info.plist */ = {isa = PBXFileReference; lastKnownFileType = text.plist.xml; path = Info.plist; sourceTree = "<group>"; };
		D6265F1C1D119BE20086F6FF /* FirstSwiftTests.xctest */ = {isa = PBXFileReference; explicitFileType = wrapper.cfbundle; includeInIndex = 0; path = FirstSwiftTests.xctest; sourceTree = BUILT_PRODUCTS_DIR; };
		D6265F201D119BE20086F6FF /* FirstSwiftTests.swift */ = {isa = PBXFileReference; lastKnownFileType = sourcecode.swift; path = FirstSwiftTests.swift; sourceTree = "<group>"; };
		D6265F221D119BE20086F6FF /* Info.plist */ = {isa = PBXFileReference; lastKnownFileType = text.plist.xml; path = Info.plist; sourceTree = "<group>"; };
		D6265F271D119BE30086F6FF /* FirstSwiftUITests.xctest */ = {isa = PBXFileReference; explicitFileType = wrapper.cfbundle; includeInIndex = 0; path = FirstSwiftUITests.xctest; sourceTree = BUILT_PRODUCTS_DIR; };
		D6265F2B1D119BE30086F6FF /* FirstSwiftUITests.swift */ = {isa = PBXFileReference; lastKnownFileType = sourcecode.swift; path = FirstSwiftUITests.swift; sourceTree = "<group>"; };
		D6265F2D1D119BE30086F6FF /* Info.plist */ = {isa = PBXFileReference; lastKnownFileType = text.plist.xml; path = Info.plist; sourceTree = "<group>"; };
/* End PBXFileReference section */

/* Begin PBXFrameworksBuildPhase section */
		D6265F051D119BE20086F6FF /* Frameworks */ = {
			isa = PBXFrameworksBuildPhase;
			buildActionMask = 2147483647;
			files = (
			);
			runOnlyForDeploymentPostprocessing = 0;
		};
		D6265F191D119BE20086F6FF /* Frameworks */ = {
			isa = PBXFrameworksBuildPhase;
			buildActionMask = 2147483647;
			files = (
			);
			runOnlyForDeploymentPostprocessing = 0;
		};
		D6265F241D119BE30086F6FF /* Frameworks */ = {
			isa = PBXFrameworksBuildPhase;
			buildActionMask = 2147483647;
			files = (
			);
			runOnlyForDeploymentPostprocessing = 0;
		};
/* End PBXFrameworksBuildPhase section */

/* Begin PBXGroup section */
		D6265EFF1D119BE20086F6FF = {
			isa = PBXGroup;
			children = (
				D6265F0A1D119BE20086F6FF /* FirstSwift */,
				D6265F1F1D119BE20086F6FF /* FirstSwiftTests */,
				D6265F2A1D119BE30086F6FF /* FirstSwiftUITests */,
				D6265F091D119BE20086F6FF /* Products */,
			);
			sourceTree = "<group>";
		};
		D6265F091D119BE20086F6FF /* Products */ = {
			isa = PBXGroup;
			children = (
				D6265F081D119BE20086F6FF /* FirstSwift.app */,
				D6265F1C1D119BE20086F6FF /* FirstSwiftTests.xctest */,
				D6265F271D119BE30086F6FF /* FirstSwiftUITests.xctest */,
			);
			name = Products;
			sourceTree = "<group>";
		};
		D6265F0A1D119BE20086F6FF /* FirstSwift */ = {
			isa = PBXGroup;
			children = (
				D6265F0B1D119BE20086F6FF /* AppDelegate.swift */,
				D6265F0D1D119BE20086F6FF /* ViewController.swift */,
				D6265F0F1D119BE20086F6FF /* Main.storyboard */,
				D6265F121D119BE20086F6FF /* Assets.xcassets */,
				D6265F141D119BE20086F6FF /* LaunchScreen.storyboard */,
				D6265F171D119BE20086F6FF /* Info.plist */,
			);
			path = FirstSwift;
			sourceTree = "<group>";
		};
		D6265F1F1D119BE20086F6FF /* FirstSwiftTests */ = {
			isa = PBXGroup;
			children = (
				D6265F201D119BE20086F6FF /* FirstSwiftTests.swift */,
				D6265F221D119BE20086F6FF /* Info.plist */,
			);
			path = FirstSwiftTests;
			sourceTree = "<group>";
		};
		D6265F2A1D119BE30086F6FF /* FirstSwiftUITests */ = {
			isa = PBXGroup;
			children = (
				D6265F2B1D119BE30086F6FF /* FirstSwiftUITests.swift */,
				D6265F2D1D119BE30086F6FF /* Info.plist */,
			);
			path = FirstSwiftUITests;
			sourceTree = "<group>";
		};
/* End PBXGroup section */

/* Begin PBXNativeTarget section */
		D6265F071D119BE20086F6FF /* FirstSwift */ = {
			isa = PBXNativeTarget;
			buildConfigurationList = D6265F301D119BE30086F6FF /* Build configuration list for PBXNativeTarget "FirstSwift" */;
			buildPhases = (
				D6265F041D119BE20086F6FF /* Sources */,
				D6265F051D119BE20086F6FF /* Frameworks */,
				D6265F061D119BE20086F6FF /* Resources */,
			);
			buildRules = (
			);
			dependencies = (
			);
			name = FirstSwift;
			productName = FirstSwift;
			productReference = D6265F081D119BE20086F6FF /* FirstSwift.app */;
			productType = "com.apple.product-type.application";
		};
		D6265F1B1D119BE20086F6FF /* FirstSwiftTests */ = {
			isa = PBXNativeTarget;
			buildConfigurationList = D6265F331D119BE30086F6FF /* Build configuration list for PBXNativeTarget "FirstSwiftTests" */;
			buildPhases = (
				D6265F181D119BE20086F6FF /* Sources */,
				D6265F191D119BE20086F6FF /* Frameworks */,
				D6265F1A1D119BE20086F6FF /* Resources */,
			);
			buildRules = (
			);
			dependencies = (
				D6265F1E1D119BE20086F6FF /* PBXTargetDependency */,
			);
			name = FirstSwiftTests;
			productName = FirstSwiftTests;
			productReference = D6265F1C1D119BE20086F6FF /* FirstSwiftTests.xctest */;
			productType = "com.apple.product-type.bundle.unit-test";
		};
		D6265F261D119BE30086F6FF /* FirstSwiftUITests */ = {
			isa = PBXNativeTarget;
			buildConfigurationList = D6265F361D119BE30086F6FF /* Build configuration list for PBXNativeTarget "FirstSwiftUITests" */;
			buildPhases = (
				D6265F231D119BE30086F6FF /* Sources */,
				D6265F241D119BE30086F6FF /* Frameworks */,
				D6265F251D119BE30086F6FF /* Resources */,
			);
			buildRules = (
			);
			dependencies = (
				D6265F291D119BE30086F6FF /* PBXTargetDependency */,
			);
			name = FirstSwiftUITests;
			productName = FirstSwiftUITests;
			productReference = D6265F271D119BE30086F6FF /* FirstSwiftUITests.xctest */;
			productType = "com.apple.product-type.bundle.ui-testing";
		};
/* End PBXNativeTarget section */

/* Begin PBXProject section */
		D6265F001D119BE20086F6FF /* Project object */ = {
			isa = PBXProject;
			attributes = {
				LastSwiftUpdateCheck = 0730;
				LastUpgradeCheck = 0730;
				ORGANIZATIONNAME = FZH;
				TargetAttributes = {
					D6265F071D119BE20086F6FF = {
						CreatedOnToolsVersion = 7.3;
						DevelopmentTeam = 93J5P3W89X;
					};
					D6265F1B1D119BE20086F6FF = {
						CreatedOnToolsVersion = 7.3;
						DevelopmentTeam = 93J5P3W89X;
						TestTargetID = D6265F071D119BE20086F6FF;
					};
					D6265F261D119BE30086F6FF = {
						CreatedOnToolsVersion = 7.3;
						DevelopmentTeam = 93J5P3W89X;
						TestTargetID = D6265F071D119BE20086F6FF;
					};
				};
			};
			buildConfigurationList = D6265F031D119BE20086F6FF /* Build configuration list for PBXProject "FirstSwift" */;
			compatibilityVersion = "Xcode 3.2";
			developmentRegion = English;
			hasScannedForEncodings = 0;
			knownRegions = (
				en,
				Base,
			);
			mainGroup = D6265EFF1D119BE20086F6FF;
			productRefGroup = D6265F091D119BE20086F6FF /* Products */;
			projectDirPath = "";
			projectRoot = "";
			targets = (
				D6265F071D119BE20086F6FF /* FirstSwift */,
				D6265F1B1D119BE20086F6FF /* FirstSwiftTests */,
				D6265F261D119BE30086F6FF /* FirstSwiftUITests */,
			);
		};
/* End PBXProject section */

/* Begin PBXResourcesBuildPhase section */
		D6265F061D119BE20086F6FF /* Resources */ = {
			isa = PBXResourcesBuildPhase;
			buildActionMask = 2147483647;
			files = (
				D6265F161D119BE20086F6FF /* LaunchScreen.storyboard in Resources */,
				D6265F131D119BE20086F6FF /* Assets.xcassets in Resources */,
				D6265F111D119BE20086F6FF /* Main.storyboard in Resources */,
			);
			runOnlyForDeploymentPostprocessing = 0;
		};
		D6265F1A1D119BE20086F6FF /* Resources */ = {
			isa = PBXResourcesBuildPhase;
			buildActionMask = 2147483647;
			files = (
			);
			runOnlyForDeploymentPostprocessing = 0;
		};
		D6265F251D119BE30086F6FF /* Resources */ = {
			isa = PBXResourcesBuildPhase;
			buildActionMask = 2147483647;
			files = (
			);
			runOnlyForDeploymentPostprocessing = 0;
		};
/* End PBXResourcesBuildPhase section */

/* Begin PBXSourcesBuildPhase section */
		D6265F041D119BE20086F6FF /* Sources */ = {
			isa = PBXSourcesBuildPhase;
			buildActionMask = 2147483647;
			files = (
				D6265F0E1D119BE20086F6FF /* ViewController.swift in Sources */,
				D6265F0C1D119BE20086F6FF /* AppDelegate.swift in Sources */,
			);
			runOnlyForDeploymentPostprocessing = 0;
		};
		D6265F181D119BE20086F6FF /* Sources */ = {
			isa = PBXSourcesBuildPhase;
			buildActionMask = 2147483647;
			files = (
				D6265F211D119BE20086F6FF /* FirstSwiftTests.swift in Sources */,
			);
			runOnlyForDeploymentPostprocessing = 0;
		};
		D6265F231D119BE30086F6FF /* Sources */ = {
			isa = PBXSourcesBuildPhase;
			buildActionMask = 2147483647;
			files = (
				D6265F2C1D119BE30086F6FF /* FirstSwiftUITests.swift in Sources */,
			);
			runOnlyForDeploymentPostprocessing = 0;
		};
/* End PBXSourcesBuildPhase section */

/* Begin PBXTargetDependency section */
		D6265F1E1D119BE20086F6FF /* PBXTargetDependency */ = {
			isa = PBXTargetDependency;
			target = D6265F071D119BE20086F6FF /* FirstSwift */;
			targetProxy = D6265F1D1D119BE20086F6FF /* PBXContainerItemProxy */;
		};
		D6265F291D119BE30086F6FF /* PBXTargetDependency */ = {
			isa = PBXTargetDependency;
			target = D6265F071D119BE20086F6FF /* FirstSwift */;
			targetProxy = D6265F281D119BE30086F6FF /* PBXContainerItemProxy */;
		};
/* End PBXTargetDependency section */

/* Begin PBXVariantGroup section */
		D6265F0F1D119BE20086F6FF /* Main.storyboard */ = {
			isa = PBXVariantGroup;
			children = (
				D6265F101D119BE20086F6FF /* Base */,
			);
			name = Main.storyboard;
			sourceTree = "<group>";
		};
		D6265F141D119BE20086F6FF /* LaunchScreen.storyboard */ = {
			isa = PBXVariantGroup;
			children = (
				D6265F151D119BE20086F6FF /* Base */,
			);
			name = LaunchScreen.storyboard;
			sourceTree = "<group>";
		};
/* End PBXVariantGroup section */

/* Begin XCBuildConfiguration section */
		D6265F2E1D119BE30086F6FF /* Debug */ = {
			isa = XCBuildConfiguration;
			buildSettings = {
				ALWAYS_SEARCH_USER_PATHS = NO;
				CLANG_ANALYZER_NONNULL = YES;
				CLANG_CXX_LANGUAGE_STANDARD = "gnu++0x";
				CLANG_CXX_LIBRARY = "libc++";
				CLANG_ENABLE_MODULES = YES;
				CLANG_ENABLE_OBJC_ARC = YES;
				CLANG_WARN_BOOL_CONVERSION = YES;
				CLANG_WARN_CONSTANT_CONVERSION = YES;
				CLANG_WARN_DIRECT_OBJC_ISA_USAGE = YES_ERROR;
				CLANG_WARN_EMPTY_BODY = YES;
				CLANG_WARN_ENUM_CONVERSION = YES;
				CLANG_WARN_INT_CONVERSION = YES;
				CLANG_WARN_OBJC_ROOT_CLASS = YES_ERROR;
				CLANG_WARN_UNREACHABLE_CODE = YES;
				CLANG_WARN__DUPLICATE_METHOD_MATCH = YES;
				"CODE_SIGN_IDENTITY[sdk=iphoneos*]" = "iPhone Developer";
				COPY_PHASE_STRIP = NO;
				DEBUG_INFORMATION_FORMAT = dwarf;
				ENABLE_STRICT_OBJC_MSGSEND = YES;
				ENABLE_TESTABILITY = YES;
				GCC_C_LANGUAGE_STANDARD = gnu99;
				GCC_DYNAMIC_NO_PIC = NO;
				GCC_NO_COMMON_BLOCKS = YES;
				GCC_OPTIMIZATION_LEVEL = 0;
				GCC_PREPROCESSOR_DEFINITIONS = (
					"DEBUG=1",
					"$(inherited)",
				);
				GCC_WARN_64_TO_32_BIT_CONVERSION = YES;
				GCC_WARN_ABOUT_RETURN_TYPE = YES_ERROR;
				GCC_WARN_UNDECLARED_SELECTOR = YES;
				GCC_WARN_UNINITIALIZED_AUTOS = YES_AGGRESSIVE;
				GCC_WARN_UNUSED_FUNCTION = YES;
				GCC_WARN_UNUSED_VARIABLE = YES;
				IPHONEOS_DEPLOYMENT_TARGET = 9.3;
				MTL_ENABLE_DEBUG_INFO = YES;
				ONLY_ACTIVE_ARCH = YES;
				SDKROOT = iphoneos;
				SWIFT_OPTIMIZATION_LEVEL = "-Onone";
			};
			name = Debug;
		};
		D6265F2F1D119BE30086F6FF /* Release */ = {
			isa = XCBuildConfiguration;
			buildSettings = {
				ALWAYS_SEARCH_USER_PATHS = NO;
				CLANG_ANALYZER_NONNULL = YES;
				CLANG_CXX_LANGUAGE_STANDARD = "gnu++0x";
				CLANG_CXX_LIBRARY = "libc++";
				CLANG_ENABLE_MODULES = YES;
				CLANG_ENABLE_OBJC_ARC = YES;
				CLANG_WARN_BOOL_CONVERSION = YES;
				CLANG_WARN_CONSTANT_CONVERSION = YES;
				CLANG_WARN_DIRECT_OBJC_ISA_USAGE = YES_ERROR;
				CLANG_WARN_EMPTY_BODY = YES;
				CLANG_WARN_ENUM_CONVERSION = YES;
				CLANG_WARN_INT_CONVERSION = YES;
				CLANG_WARN_OBJC_ROOT_CLASS = YES_ERROR;
				CLANG_WARN_UNREACHABLE_CODE = YES;
				CLANG_WARN__DUPLICATE_METHOD_MATCH = YES;
				"CODE_SIGN_IDENTITY[sdk=iphoneos*]" = "iPhone Developer";
				COPY_PHASE_STRIP = NO;
				DEBUG_INFORMATION_FORMAT = "dwarf-with-dsym";
				ENABLE_NS_ASSERTIONS = NO;
				ENABLE_STRICT_OBJC_MSGSEND = YES;
				GCC_C_LANGUAGE_STANDARD = gnu99;
				GCC_NO_COMMON_BLOCKS = YES;
				GCC_WARN_64_TO_32_BIT_CONVERSION = YES;
				GCC_WARN_ABOUT_RETURN_TYPE = YES_ERROR;
				GCC_WARN_UNDECLARED_SELECTOR = YES;
				GCC_WARN_UNINITIALIZED_AUTOS = YES_AGGRESSIVE;
				GCC_WARN_UNUSED_FUNCTION = YES;
				GCC_WARN_UNUSED_VARIABLE = YES;
				IPHONEOS_DEPLOYMENT_TARGET = 9.3;
				MTL_ENABLE_DEBUG_INFO = NO;
				SDKROOT = iphoneos;
				VALIDATE_PRODUCT = YES;
			};
			name = Release;
		};
		D6265F311D119BE30086F6FF /* Debug */ = {
			isa = XCBuildConfiguration;
			buildSettings = {
				ASSETCATALOG_COMPILER_APPICON_NAME = AppIcon;
				INFOPLIST_FILE = FirstSwift/Info.plist;
				LD_RUNPATH_SEARCH_PATHS = "$(inherited) @executable_path/Frameworks";
				PRODUCT_BUNDLE_IDENTIFIER = com.fengzhihao.FirstSwift;
				PRODUCT_NAME = "$(TARGET_NAME)";
			};
			name = Debug;
		};
		D6265F321D119BE30086F6FF /* Release */ = {
			isa = XCBuildConfiguration;
			buildSettings = {
				ASSETCATALOG_COMPILER_APPICON_NAME = AppIcon;
				INFOPLIST_FILE = FirstSwift/Info.plist;
				LD_RUNPATH_SEARCH_PATHS = "$(inherited) @executable_path/Frameworks";
				PRODUCT_BUNDLE_IDENTIFIER = com.fengzhihao.FirstSwift;
				PRODUCT_NAME = "$(TARGET_NAME)";
			};
			name = Release;
		};
		D6265F341D119BE30086F6FF /* Debug */ = {
			isa = XCBuildConfiguration;
			buildSettings = {
				BUNDLE_LOADER = "$(TEST_HOST)";
				INFOPLIST_FILE = FirstSwiftTests/Info.plist;
				LD_RUNPATH_SEARCH_PATHS = "$(inherited) @executable_path/Frameworks @loader_path/Frameworks";
				PRODUCT_BUNDLE_IDENTIFIER = com.fengzhihao.FirstSwiftTests;
				PRODUCT_NAME = "$(TARGET_NAME)";
				TEST_HOST = "$(BUILT_PRODUCTS_DIR)/FirstSwift.app/FirstSwift";
			};
			name = Debug;
		};
		D6265F351D119BE30086F6FF /* Release */ = {
			isa = XCBuildConfiguration;
			buildSettings = {
				BUNDLE_LOADER = "$(TEST_HOST)";
				INFOPLIST_FILE = FirstSwiftTests/Info.plist;
				LD_RUNPATH_SEARCH_PATHS = "$(inherited) @executable_path/Frameworks @loader_path/Frameworks";
				PRODUCT_BUNDLE_IDENTIFIER = com.fengzhihao.FirstSwiftTests;
				PRODUCT_NAME = "$(TARGET_NAME)";
				TEST_HOST = "$(BUILT_PRODUCTS_DIR)/FirstSwift.app/FirstSwift";
			};
			name = Release;
		};
		D6265F371D119BE30086F6FF /* Debug */ = {
			isa = XCBuildConfiguration;
			buildSettings = {
				INFOPLIST_FILE = FirstSwiftUITests/Info.plist;
				LD_RUNPATH_SEARCH_PATHS = "$(inherited) @executable_path/Frameworks @loader_path/Frameworks";
				PRODUCT_BUNDLE_IDENTIFIER = com.fengzhihao.FirstSwiftUITests;
				PRODUCT_NAME = "$(TARGET_NAME)";
				TEST_TARGET_NAME = FirstSwift;
			};
			name = Debug;
		};
		D6265F381D119BE30086F6FF /* Release */ = {
			isa = XCBuildConfiguration;
			buildSettings = {
				INFOPLIST_FILE = FirstSwiftUITests/Info.plist;
				LD_RUNPATH_SEARCH_PATHS = "$(inherited) @executable_path/Frameworks @loader_path/Frameworks";
				PRODUCT_BUNDLE_IDENTIFIER = com.fengzhihao.FirstSwiftUITests;
				PRODUCT_NAME = "$(TARGET_NAME)";
				TEST_TARGET_NAME = FirstSwift;
			};
			name = Release;
		};
/* End XCBuildConfiguration section */

/* Begin XCConfigurationList section */
		D6265F031D119BE20086F6FF /* Build configuration list for PBXProject "FirstSwift" */ = {
			isa = XCConfigurationList;
			buildConfigurations = (
				D6265F2E1D119BE30086F6FF /* Debug */,
				D6265F2F1D119BE30086F6FF /* Release */,
			);
			defaultConfigurationIsVisible = 0;
			defaultConfigurationName = Release;
		};
		D6265F301D119BE30086F6FF /* Build configuration list for PBXNativeTarget "FirstSwift" */ = {
			isa = XCConfigurationList;
			buildConfigurations = (
				D6265F311D119BE30086F6FF /* Debug */,
				D6265F321D119BE30086F6FF /* Release */,
			);
			defaultConfigurationIsVisible = 0;
		};
		D6265F331D119BE30086F6FF /* Build configuration list for PBXNativeTarget "FirstSwiftTests" */ = {
			isa = XCConfigurationList;
			buildConfigurations = (
				D6265F341D119BE30086F6FF /* Debug */,
				D6265F351D119BE30086F6FF /* Release */,
			);
			defaultConfigurationIsVisible = 0;
		};
		D6265F361D119BE30086F6FF /* Build configuration list for PBXNativeTarget "FirstSwiftUITests" */ = {
			isa = XCConfigurationList;
			buildConfigurations = (
				D6265F371D119BE30086F6FF /* Debug */,
				D6265F381D119BE30086F6FF /* Release */,
			);
			defaultConfigurationIsVisible = 0;
		};
/* End XCConfigurationList section */
	};
	rootObject = D6265F001D119BE20086F6FF /* Project object */;
}
